
Microsoft Visual Studio Solution File, Format Version 12.00
# Visual Studio Version 17
VisualStudioVersion = 17.10.35013.160
MinimumVisualStudioVersion = 10.0.40219.1
Project("{9A19103F-16F7-4668-BE54-9A1E7A4F7556}") = "FireProhobition.Threads.App", "FireProhobition.Threads.App\FireProhobition.Threads.App.csproj", "{27BC90E0-4D64-4682-B586-A5E6A586F127}"
EndProject
Project("{9A19103F-16F7-4668-BE54-9A1E7A4F7556}") = "FireProhobition.Lib", "FireProhobition.Lib\FireProhobition.Lib.csproj", "{2F6BFA89-29C6-41BD-AF62-7789420EB21E}"
EndProject
Project("{FAE04EC0-301F-11D3-BF4B-00C04F79EFBC}") = "Threads.Lib", "Threads.Lib\Threads.Lib.csproj", "{A7A3A569-26BD-44F6-B5D9-76B7B10CC6A2}"
EndProject
Global
	GlobalSection(SolutionConfigurationPlatforms) = preSolution
		Debug|Any CPU = Debug|Any CPU
		Release|Any CPU = Release|Any CPU
	EndGlobalSection
	GlobalSection(ProjectConfigurationPlatforms) = postSolution
		{27BC90E0-4D64-4682-B586-A5E6A586F127}.Debug|Any CPU.ActiveCfg = Debug|Any CPU
		{27BC90E0-4D64-4682-B586-A5E6A586F127}.Debug|Any CPU.Build.0 = Debug|Any CPU
		{27BC90E0-4D64-4682-B586-A5E6A586F127}.Release|Any CPU.ActiveCfg = Release|Any CPU
		{27BC90E0-4D64-4682-B586-A5E6A586F127}.Release|Any CPU.Build.0 = Release|Any CPU
		{2F6BFA89-29C6-41BD-AF62-7789420EB21E}.Debug|Any CPU.ActiveCfg = Debug|Any CPU
		{2F6BFA89-29C6-41BD-AF62-7789420EB21E}.Debug|Any CPU.Build.0 = Debug|Any CPU
		{2F6BFA89-29C6-41BD-AF62-7789420EB21E}.Release|Any CPU.ActiveCfg = Release|Any CPU
		{2F6BFA89-29C6-41BD-AF62-7789420EB21E}.Release|Any CPU.Build.0 = Release|Any CPU
		{A7A3A569-26BD-44F6-B5D9-76B7B10CC6A2}.Debug|Any CPU.ActiveCfg = Debug|Any CPU
		{A7A3A569-26BD-44F6-B5D9-76B7B10CC6A2}.Debug|Any CPU.Build.0 = Debug|Any CPU
		{A7A3A569-26BD-44F6-B5D9-76B7B10CC6A2}.Release|Any CPU.ActiveCfg = Release|Any CPU
		{A7A3A569-26BD-44F6-B5D9-76B7B10CC6A2}.Release|Any CPU.Build.0 = Release|Any CPU
	EndGlobalSection
	GlobalSection(SolutionProperties) = preSolution
		HideSolutionNode = FALSE
	EndGlobalSection
	GlobalSection(ExtensibilityGlobals) = postSolution
		SolutionGuid = {4766463D-38B1-4837-A79A-CF1E3686E324}
	EndGlobalSection
EndGlobal
